
Microsoft Visual Studio Solution File, Format Version 12.00
# Visual Studio Version 17
VisualStudioVersion = 17.3.32819.101
MinimumVisualStudioVersion = 10.0.40219.1
Project("{FAE04EC0-301F-11D3-BF4B-00C04F79EFBC}") = "ServerApp", "ServerApp\ServerApp.csproj", "{BC470E7B-B228-4216-8E92-557FDAE85F1D}"
EndProject
Global
	GlobalSection(SolutionConfigurationPlatforms) = preSolution
		Debug|Any CPU = Debug|Any CPU
		Release|Any CPU = Release|Any CPU
	EndGlobalSection
	GlobalSection(ProjectConfigurationPlatforms) = postSolution
		{BC470E7B-B228-4216-8E92-557FDAE85F1D}.Debug|Any CPU.ActiveCfg = Debug|Any CPU
		{BC470E7B-B228-4216-8E92-557FDAE85F1D}.Debug|Any CPU.Build.0 = Debug|Any CPU
		{BC470E7B-B228-4216-8E92-557FDAE85F1D}.Release|Any CPU.ActiveCfg = Release|Any CPU
		{BC470E7B-B228-4216-8E92-557FDAE85F1D}.Release|Any CPU.Build.0 = Release|Any CPU
	EndGlobalSection
	GlobalSection(SolutionProperties) = preSolution
		HideSolutionNode = FALSE
	EndGlobalSection
	GlobalSection(ExtensibilityGlobals) = postSolution
		SolutionGuid = {46299A35-94C3-47F0-B030-651708F98CCA}
	EndGlobalSection
EndGlobal
